// !$*UTF8*$!
{
	archiveVersion = 1;
	classes = {
	};
	objectVersion = 56;
	objects = {

/* Begin PBXBuildFile section */
		85125E885EB452447DB1E265 /* Pods_FirebaseDB.framework in Frameworks */ = {isa = PBXBuildFile; fileRef = 56B1D328C19DEEF7CD7181F3 /* Pods_FirebaseDB.framework */; };
		F51C8D6D2ACC76FE004039C7 /* GoogleService-Info.plist in Resources */ = {isa = PBXBuildFile; fileRef = F51C8D6C2ACC76FE004039C7 /* GoogleService-Info.plist */; };
		F585CE9F2ACEBD3A001181B7 /* ProfileController.swift in Sources */ = {isa = PBXBuildFile; fileRef = F585CE9E2ACEBD3A001181B7 /* ProfileController.swift */; };
		F585CEDB2AD52570001181B7 /* GradientButton.swift in Sources */ = {isa = PBXBuildFile; fileRef = F585CEDA2AD52570001181B7 /* GradientButton.swift */; };
		F585CEDD2AD5259D001181B7 /* ListViewController.swift in Sources */ = {isa = PBXBuildFile; fileRef = F585CEDC2AD5259D001181B7 /* ListViewController.swift */; };
		F585CEDF2AD525D3001181B7 /* SettingsViewController.swift in Sources */ = {isa = PBXBuildFile; fileRef = F585CEDE2AD525D3001181B7 /* SettingsViewController.swift */; };
		F585CEE12AD52625001181B7 /* ListCell.swift in Sources */ = {isa = PBXBuildFile; fileRef = F585CEE02AD52625001181B7 /* ListCell.swift */; };
		F585CEE32AD526B4001181B7 /* Environment.swift in Sources */ = {isa = PBXBuildFile; fileRef = F585CEE22AD526B4001181B7 /* Environment.swift */; };
		F585CEE62AD527D5001181B7 /* ListModel.swift in Sources */ = {isa = PBXBuildFile; fileRef = F585CEE52AD527D5001181B7 /* ListModel.swift */; };
		F585CEE82AD52E97001181B7 /* InputField.swift in Sources */ = {isa = PBXBuildFile; fileRef = F585CEE72AD52E97001181B7 /* InputField.swift */; };
		F585CEEA2AD57391001181B7 /* InputLabel.swift in Sources */ = {isa = PBXBuildFile; fileRef = F585CEE92AD57391001181B7 /* InputLabel.swift */; };
		F5A47EFE2AC5DBBC00570FB5 /* AppDelegate.swift in Sources */ = {isa = PBXBuildFile; fileRef = F5A47EFD2AC5DBBC00570FB5 /* AppDelegate.swift */; };
		F5A47F002AC5DBBC00570FB5 /* SceneDelegate.swift in Sources */ = {isa = PBXBuildFile; fileRef = F5A47EFF2AC5DBBC00570FB5 /* SceneDelegate.swift */; };
		F5A47F022AC5DBBC00570FB5 /* ViewController.swift in Sources */ = {isa = PBXBuildFile; fileRef = F5A47F012AC5DBBC00570FB5 /* ViewController.swift */; };
		F5A47F052AC5DBBC00570FB5 /* Main.storyboard in Resources */ = {isa = PBXBuildFile; fileRef = F5A47F032AC5DBBC00570FB5 /* Main.storyboard */; };
		F5A47F072AC5DBBE00570FB5 /* Assets.xcassets in Resources */ = {isa = PBXBuildFile; fileRef = F5A47F062AC5DBBE00570FB5 /* Assets.xcassets */; };
		F5A47F0A2AC5DBBE00570FB5 /* LaunchScreen.storyboard in Resources */ = {isa = PBXBuildFile; fileRef = F5A47F082AC5DBBE00570FB5 /* LaunchScreen.storyboard */; };
/* End PBXBuildFile section */

/* Begin PBXFileReference section */
		56B1D328C19DEEF7CD7181F3 /* Pods_FirebaseDB.framework */ = {isa = PBXFileReference; explicitFileType = wrapper.framework; includeInIndex = 0; path = Pods_FirebaseDB.framework; sourceTree = BUILT_PRODUCTS_DIR; };
		BE04402787D6D378D0686DC7 /* Pods-FirebaseDB.release.xcconfig */ = {isa = PBXFileReference; includeInIndex = 1; lastKnownFileType = text.xcconfig; name = "Pods-FirebaseDB.release.xcconfig"; path = "Target Support Files/Pods-FirebaseDB/Pods-FirebaseDB.release.xcconfig"; sourceTree = "<group>"; };
		D7D11C0A219AFFCF1E9DC527 /* Pods-FirebaseDB.debug.xcconfig */ = {isa = PBXFileReference; includeInIndex = 1; lastKnownFileType = text.xcconfig; name = "Pods-FirebaseDB.debug.xcconfig"; path = "Target Support Files/Pods-FirebaseDB/Pods-FirebaseDB.debug.xcconfig"; sourceTree = "<group>"; };
		F51C8D6C2ACC76FE004039C7 /* GoogleService-Info.plist */ = {isa = PBXFileReference; fileEncoding = 4; lastKnownFileType = text.plist.xml; path = "GoogleService-Info.plist"; sourceTree = "<group>"; };
		F585CE9E2ACEBD3A001181B7 /* ProfileController.swift */ = {isa = PBXFileReference; lastKnownFileType = sourcecode.swift; path = ProfileController.swift; sourceTree = "<group>"; };
		F585CEDA2AD52570001181B7 /* GradientButton.swift */ = {isa = PBXFileReference; lastKnownFileType = sourcecode.swift; path = GradientButton.swift; sourceTree = "<group>"; };
		F585CEDC2AD5259D001181B7 /* ListViewController.swift */ = {isa = PBXFileReference; lastKnownFileType = sourcecode.swift; path = ListViewController.swift; sourceTree = "<group>"; };
		F585CEDE2AD525D3001181B7 /* SettingsViewController.swift */ = {isa = PBXFileReference; lastKnownFileType = sourcecode.swift; path = SettingsViewController.swift; sourceTree = "<group>"; };
		F585CEE02AD52625001181B7 /* ListCell.swift */ = {isa = PBXFileReference; lastKnownFileType = sourcecode.swift; path = ListCell.swift; sourceTree = "<group>"; };
		F585CEE22AD526B4001181B7 /* Environment.swift */ = {isa = PBXFileReference; lastKnownFileType = sourcecode.swift; path = Environment.swift; sourceTree = "<group>"; };
		F585CEE52AD527D5001181B7 /* ListModel.swift */ = {isa = PBXFileReference; lastKnownFileType = sourcecode.swift; path = ListModel.swift; sourceTree = "<group>"; };
		F585CEE72AD52E97001181B7 /* InputField.swift */ = {isa = PBXFileReference; lastKnownFileType = sourcecode.swift; path = InputField.swift; sourceTree = "<group>"; };
		F585CEE92AD57391001181B7 /* InputLabel.swift */ = {isa = PBXFileReference; lastKnownFileType = sourcecode.swift; path = InputLabel.swift; sourceTree = "<group>"; };
		F5A47EFA2AC5DBBC00570FB5 /* FirebaseDB.app */ = {isa = PBXFileReference; explicitFileType = wrapper.application; includeInIndex = 0; path = FirebaseDB.app; sourceTree = BUILT_PRODUCTS_DIR; };
		F5A47EFD2AC5DBBC00570FB5 /* AppDelegate.swift */ = {isa = PBXFileReference; lastKnownFileType = sourcecode.swift; path = AppDelegate.swift; sourceTree = "<group>"; };
		F5A47EFF2AC5DBBC00570FB5 /* SceneDelegate.swift */ = {isa = PBXFileReference; lastKnownFileType = sourcecode.swift; path = SceneDelegate.swift; sourceTree = "<group>"; };
		F5A47F012AC5DBBC00570FB5 /* ViewController.swift */ = {isa = PBXFileReference; lastKnownFileType = sourcecode.swift; path = ViewController.swift; sourceTree = "<group>"; };
		F5A47F042AC5DBBC00570FB5 /* Base */ = {isa = PBXFileReference; lastKnownFileType = file.storyboard; name = Base; path = Base.lproj/Main.storyboard; sourceTree = "<group>"; };
		F5A47F062AC5DBBE00570FB5 /* Assets.xcassets */ = {isa = PBXFileReference; lastKnownFileType = folder.assetcatalog; path = Assets.xcassets; sourceTree = "<group>"; };
		F5A47F092AC5DBBE00570FB5 /* Base */ = {isa = PBXFileReference; lastKnownFileType = file.storyboard; name = Base; path = Base.lproj/LaunchScreen.storyboard; sourceTree = "<group>"; };
		F5A47F0B2AC5DBBE00570FB5 /* Info.plist */ = {isa = PBXFileReference; lastKnownFileType = text.plist.xml; path = Info.plist; sourceTree = "<group>"; };
/* End PBXFileReference section */

/* Begin PBXFrameworksBuildPhase section */
		F5A47EF72AC5DBBC00570FB5 /* Frameworks */ = {
			isa = PBXFrameworksBuildPhase;
			buildActionMask = 2147483647;
			files = (
				85125E885EB452447DB1E265 /* Pods_FirebaseDB.framework in Frameworks */,
			);
			runOnlyForDeploymentPostprocessing = 0;
		};
/* End PBXFrameworksBuildPhase section */

/* Begin PBXGroup section */
		A80F5B31C598D318F654C5A7 /* Pods */ = {
			isa = PBXGroup;
			children = (
				D7D11C0A219AFFCF1E9DC527 /* Pods-FirebaseDB.debug.xcconfig */,
				BE04402787D6D378D0686DC7 /* Pods-FirebaseDB.release.xcconfig */,
			);
			path = Pods;
			sourceTree = "<group>";
		};
		A8C37F860FF7E11E0017232E /* Frameworks */ = {
			isa = PBXGroup;
			children = (
				56B1D328C19DEEF7CD7181F3 /* Pods_FirebaseDB.framework */,
			);
			name = Frameworks;
			sourceTree = "<group>";
		};
		F585CED92AD5253B001181B7 /* UI */ = {
			isa = PBXGroup;
			children = (
				F585CEDA2AD52570001181B7 /* GradientButton.swift */,
				F585CEE72AD52E97001181B7 /* InputField.swift */,
				F585CEE92AD57391001181B7 /* InputLabel.swift */,
			);
			path = UI;
			sourceTree = "<group>";
		};
		F585CEE42AD527AF001181B7 /* Models */ = {
			isa = PBXGroup;
			children = (
				F585CEE52AD527D5001181B7 /* ListModel.swift */,
			);
			path = Models;
			sourceTree = "<group>";
		};
		F5A47EF12AC5DBBC00570FB5 = {
			isa = PBXGroup;
			children = (
				F5A47EFC2AC5DBBC00570FB5 /* FirebaseDB */,
				F5A47EFB2AC5DBBC00570FB5 /* Products */,
				A80F5B31C598D318F654C5A7 /* Pods */,
				A8C37F860FF7E11E0017232E /* Frameworks */,
			);
			sourceTree = "<group>";
		};
		F5A47EFB2AC5DBBC00570FB5 /* Products */ = {
			isa = PBXGroup;
			children = (
				F5A47EFA2AC5DBBC00570FB5 /* FirebaseDB.app */,
			);
			name = Products;
			sourceTree = "<group>";
		};
		F5A47EFC2AC5DBBC00570FB5 /* FirebaseDB */ = {
			isa = PBXGroup;
			children = (
				F585CEE42AD527AF001181B7 /* Models */,
				F585CED92AD5253B001181B7 /* UI */,
				F5A47EFD2AC5DBBC00570FB5 /* AppDelegate.swift */,
				F5A47EFF2AC5DBBC00570FB5 /* SceneDelegate.swift */,
				F5A47F012AC5DBBC00570FB5 /* ViewController.swift */,
				F5A47F032AC5DBBC00570FB5 /* Main.storyboard */,
				F5A47F062AC5DBBE00570FB5 /* Assets.xcassets */,
				F5A47F082AC5DBBE00570FB5 /* LaunchScreen.storyboard */,
				F51C8D6C2ACC76FE004039C7 /* GoogleService-Info.plist */,
				F5A47F0B2AC5DBBE00570FB5 /* Info.plist */,
				F585CE9E2ACEBD3A001181B7 /* ProfileController.swift */,
				F585CEDC2AD5259D001181B7 /* ListViewController.swift */,
				F585CEDE2AD525D3001181B7 /* SettingsViewController.swift */,
				F585CEE02AD52625001181B7 /* ListCell.swift */,
				F585CEE22AD526B4001181B7 /* Environment.swift */,
			);
			path = FirebaseDB;
			sourceTree = "<group>";
		};
/* End PBXGroup section */

/* Begin PBXNativeTarget section */
		F5A47EF92AC5DBBC00570FB5 /* FirebaseDB */ = {
			isa = PBXNativeTarget;
			buildConfigurationList = F5A47F0E2AC5DBBE00570FB5 /* Build configuration list for PBXNativeTarget "FirebaseDB" */;
			buildPhases = (
				B1FCEA22E845583079724010 /* [CP] Check Pods Manifest.lock */,
				F5A47EF62AC5DBBC00570FB5 /* Sources */,
				F5A47EF72AC5DBBC00570FB5 /* Frameworks */,
				F5A47EF82AC5DBBC00570FB5 /* Resources */,
				327A6CCD45A896AB45394E97 /* [CP] Embed Pods Frameworks */,
			);
			buildRules = (
			);
			dependencies = (
			);
			name = FirebaseDB;
			productName = FirebaseDB;
			productReference = F5A47EFA2AC5DBBC00570FB5 /* FirebaseDB.app */;
			productType = "com.apple.product-type.application";
		};
/* End PBXNativeTarget section */

/* Begin PBXProject section */
		F5A47EF22AC5DBBC00570FB5 /* Project object */ = {
			isa = PBXProject;
			attributes = {
				BuildIndependentTargetsInParallel = 1;
				LastSwiftUpdateCheck = 1430;
				LastUpgradeCheck = 1430;
				TargetAttributes = {
					F5A47EF92AC5DBBC00570FB5 = {
						CreatedOnToolsVersion = 14.3.1;
					};
				};
			};
			buildConfigurationList = F5A47EF52AC5DBBC00570FB5 /* Build configuration list for PBXProject "FirebaseDB" */;
			compatibilityVersion = "Xcode 14.0";
			developmentRegion = en;
			hasScannedForEncodings = 0;
			knownRegions = (
				en,
				Base,
			);
			mainGroup = F5A47EF12AC5DBBC00570FB5;
			productRefGroup = F5A47EFB2AC5DBBC00570FB5 /* Products */;
			projectDirPath = "";
			projectRoot = "";
			targets = (
				F5A47EF92AC5DBBC00570FB5 /* FirebaseDB */,
			);
		};
/* End PBXProject section */

/* Begin PBXResourcesBuildPhase section */
		F5A47EF82AC5DBBC00570FB5 /* Resources */ = {
			isa = PBXResourcesBuildPhase;
			buildActionMask = 2147483647;
			files = (
				F5A47F0A2AC5DBBE00570FB5 /* LaunchScreen.storyboard in Resources */,
				F51C8D6D2ACC76FE004039C7 /* GoogleService-Info.plist in Resources */,
				F5A47F072AC5DBBE00570FB5 /* Assets.xcassets in Resources */,
				F5A47F052AC5DBBC00570FB5 /* Main.storyboard in Resources */,
			);
			runOnlyForDeploymentPostprocessing = 0;
		};
/* End PBXResourcesBuildPhase section */

/* Begin PBXShellScriptBuildPhase section */
		327A6CCD45A896AB45394E97 /* [CP] Embed Pods Frameworks */ = {
			isa = PBXShellScriptBuildPhase;
			buildActionMask = 2147483647;
			files = (
			);
			inputFileListPaths = (
				"${PODS_ROOT}/Target Support Files/Pods-FirebaseDB/Pods-FirebaseDB-frameworks-${CONFIGURATION}-input-files.xcfilelist",
			);
			name = "[CP] Embed Pods Frameworks";
			outputFileListPaths = (
				"${PODS_ROOT}/Target Support Files/Pods-FirebaseDB/Pods-FirebaseDB-frameworks-${CONFIGURATION}-output-files.xcfilelist",
			);
			runOnlyForDeploymentPostprocessing = 0;
			shellPath = /bin/sh;
			shellScript = "\"${PODS_ROOT}/Target Support Files/Pods-FirebaseDB/Pods-FirebaseDB-frameworks.sh\"\n";
			showEnvVarsInLog = 0;
		};
		B1FCEA22E845583079724010 /* [CP] Check Pods Manifest.lock */ = {
			isa = PBXShellScriptBuildPhase;
			buildActionMask = 2147483647;
			files = (
			);
			inputFileListPaths = (
			);
			inputPaths = (
				"${PODS_PODFILE_DIR_PATH}/Podfile.lock",
				"${PODS_ROOT}/Manifest.lock",
			);
			name = "[CP] Check Pods Manifest.lock";
			outputFileListPaths = (
			);
			outputPaths = (
				"$(DERIVED_FILE_DIR)/Pods-FirebaseDB-checkManifestLockResult.txt",
			);
			runOnlyForDeploymentPostprocessing = 0;
			shellPath = /bin/sh;
			shellScript = "diff \"${PODS_PODFILE_DIR_PATH}/Podfile.lock\" \"${PODS_ROOT}/Manifest.lock\" > /dev/null\nif [ $? != 0 ] ; then\n    # print error to STDERR\n    echo \"error: The sandbox is not in sync with the Podfile.lock. Run 'pod install' or update your CocoaPods installation.\" >&2\n    exit 1\nfi\n# This output is used by Xcode 'outputs' to avoid re-running this script phase.\necho \"SUCCESS\" > \"${SCRIPT_OUTPUT_FILE_0}\"\n";
			showEnvVarsInLog = 0;
		};
/* End PBXShellScriptBuildPhase section */

/* Begin PBXSourcesBuildPhase section */
		F5A47EF62AC5DBBC00570FB5 /* Sources */ = {
			isa = PBXSourcesBuildPhase;
			buildActionMask = 2147483647;
			files = (
				F585CEDB2AD52570001181B7 /* GradientButton.swift in Sources */,
				F585CEE82AD52E97001181B7 /* InputField.swift in Sources */,
				F5A47F022AC5DBBC00570FB5 /* ViewController.swift in Sources */,
				F585CEDF2AD525D3001181B7 /* SettingsViewController.swift in Sources */,
				F585CEDD2AD5259D001181B7 /* ListViewController.swift in Sources */,
				F585CEE32AD526B4001181B7 /* Environment.swift in Sources */,
				F5A47EFE2AC5DBBC00570FB5 /* AppDelegate.swift in Sources */,
				F585CEEA2AD57391001181B7 /* InputLabel.swift in Sources */,
				F585CEE12AD52625001181B7 /* ListCell.swift in Sources */,
				F5A47F002AC5DBBC00570FB5 /* SceneDelegate.swift in Sources */,
				F585CE9F2ACEBD3A001181B7 /* ProfileController.swift in Sources */,
				F585CEE62AD527D5001181B7 /* ListModel.swift in Sources */,
			);
			runOnlyForDeploymentPostprocessing = 0;
		};
/* End PBXSourcesBuildPhase section */

/* Begin PBXVariantGroup section */
		F5A47F032AC5DBBC00570FB5 /* Main.storyboard */ = {
			isa = PBXVariantGroup;
			children = (
				F5A47F042AC5DBBC00570FB5 /* Base */,
			);
			name = Main.storyboard;
			sourceTree = "<group>";
		};
		F5A47F082AC5DBBE00570FB5 /* LaunchScreen.storyboard */ = {
			isa = PBXVariantGroup;
			children = (
				F5A47F092AC5DBBE00570FB5 /* Base */,
			);
			name = LaunchScreen.storyboard;
			sourceTree = "<group>";
		};
/* End PBXVariantGroup section */

/* Begin XCBuildConfiguration section */
		F5A47F0C2AC5DBBE00570FB5 /* Debug */ = {
			isa = XCBuildConfiguration;
			buildSettings = {
				ALWAYS_SEARCH_USER_PATHS = NO;
				CLANG_ANALYZER_NONNULL = YES;
				CLANG_ANALYZER_NUMBER_OBJECT_CONVERSION = YES_AGGRESSIVE;
				CLANG_CXX_LANGUAGE_STANDARD = "gnu++20";
				CLANG_ENABLE_MODULES = YES;
				CLANG_ENABLE_OBJC_ARC = YES;
				CLANG_ENABLE_OBJC_WEAK = YES;
				CLANG_WARN_BLOCK_CAPTURE_AUTORELEASING = YES;
				CLANG_WARN_BOOL_CONVERSION = YES;
				CLANG_WARN_COMMA = YES;
				CLANG_WARN_CONSTANT_CONVERSION = YES;
				CLANG_WARN_DEPRECATED_OBJC_IMPLEMENTATIONS = YES;
				CLANG_WARN_DIRECT_OBJC_ISA_USAGE = YES_ERROR;
				CLANG_WARN_DOCUMENTATION_COMMENTS = YES;
				CLANG_WARN_EMPTY_BODY = YES;
				CLANG_WARN_ENUM_CONVERSION = YES;
				CLANG_WARN_INFINITE_RECURSION = YES;
				CLANG_WARN_INT_CONVERSION = YES;
				CLANG_WARN_NON_LITERAL_NULL_CONVERSION = YES;
				CLANG_WARN_OBJC_IMPLICIT_RETAIN_SELF = YES;
				CLANG_WARN_OBJC_LITERAL_CONVERSION = YES;
				CLANG_WARN_OBJC_ROOT_CLASS = YES_ERROR;
				CLANG_WARN_QUOTED_INCLUDE_IN_FRAMEWORK_HEADER = YES;
				CLANG_WARN_RANGE_LOOP_ANALYSIS = YES;
				CLANG_WARN_STRICT_PROTOTYPES = YES;
				CLANG_WARN_SUSPICIOUS_MOVE = YES;
				CLANG_WARN_UNGUARDED_AVAILABILITY = YES_AGGRESSIVE;
				CLANG_WARN_UNREACHABLE_CODE = YES;
				CLANG_WARN__DUPLICATE_METHOD_MATCH = YES;
				COPY_PHASE_STRIP = NO;
				DEBUG_INFORMATION_FORMAT = dwarf;
				ENABLE_STRICT_OBJC_MSGSEND = YES;
				ENABLE_TESTABILITY = YES;
				GCC_C_LANGUAGE_STANDARD = gnu11;
				GCC_DYNAMIC_NO_PIC = NO;
				GCC_NO_COMMON_BLOCKS = YES;
				GCC_OPTIMIZATION_LEVEL = 0;
				GCC_PREPROCESSOR_DEFINITIONS = (
					"DEBUG=1",
					"$(inherited)",
				);
				GCC_WARN_64_TO_32_BIT_CONVERSION = YES;
				GCC_WARN_ABOUT_RETURN_TYPE = YES_ERROR;
				GCC_WARN_UNDECLARED_SELECTOR = YES;
				GCC_WARN_UNINITIALIZED_AUTOS = YES_AGGRESSIVE;
				GCC_WARN_UNUSED_FUNCTION = YES;
				GCC_WARN_UNUSED_VARIABLE = YES;
				IPHONEOS_DEPLOYMENT_TARGET = 16.4;
				MTL_ENABLE_DEBUG_INFO = INCLUDE_SOURCE;
				MTL_FAST_MATH = YES;
				ONLY_ACTIVE_ARCH = YES;
				SDKROOT = iphoneos;
				SWIFT_ACTIVE_COMPILATION_CONDITIONS = DEBUG;
				SWIFT_OPTIMIZATION_LEVEL = "-Onone";
			};
			name = Debug;
		};
		F5A47F0D2AC5DBBE00570FB5 /* Release */ = {
			isa = XCBuildConfiguration;
			buildSettings = {
				ALWAYS_SEARCH_USER_PATHS = NO;
				CLANG_ANALYZER_NONNULL = YES;
				CLANG_ANALYZER_NUMBER_OBJECT_CONVERSION = YES_AGGRESSIVE;
				CLANG_CXX_LANGUAGE_STANDARD = "gnu++20";
				CLANG_ENABLE_MODULES = YES;
				CLANG_ENABLE_OBJC_ARC = YES;
				CLANG_ENABLE_OBJC_WEAK = YES;
				CLANG_WARN_BLOCK_CAPTURE_AUTORELEASING = YES;
				CLANG_WARN_BOOL_CONVERSION = YES;
				CLANG_WARN_COMMA = YES;
				CLANG_WARN_CONSTANT_CONVERSION = YES;
				CLANG_WARN_DEPRECATED_OBJC_IMPLEMENTATIONS = YES;
				CLANG_WARN_DIRECT_OBJC_ISA_USAGE = YES_ERROR;
				CLANG_WARN_DOCUMENTATION_COMMENTS = YES;
				CLANG_WARN_EMPTY_BODY = YES;
				CLANG_WARN_ENUM_CONVERSION = YES;
				CLANG_WARN_INFINITE_RECURSION = YES;
				CLANG_WARN_INT_CONVERSION = YES;
				CLANG_WARN_NON_LITERAL_NULL_CONVERSION = YES;
				CLANG_WARN_OBJC_IMPLICIT_RETAIN_SELF = YES;
				CLANG_WARN_OBJC_LITERAL_CONVERSION = YES;
				CLANG_WARN_OBJC_ROOT_CLASS = YES_ERROR;
				CLANG_WARN_QUOTED_INCLUDE_IN_FRAMEWORK_HEADER = YES;
				CLANG_WARN_RANGE_LOOP_ANALYSIS = YES;
				CLANG_WARN_STRICT_PROTOTYPES = YES;
				CLANG_WARN_SUSPICIOUS_MOVE = YES;
				CLANG_WARN_UNGUARDED_AVAILABILITY = YES_AGGRESSIVE;
				CLANG_WARN_UNREACHABLE_CODE = YES;
				CLANG_WARN__DUPLICATE_METHOD_MATCH = YES;
				COPY_PHASE_STRIP = NO;
				DEBUG_INFORMATION_FORMAT = "dwarf-with-dsym";
				ENABLE_NS_ASSERTIONS = NO;
				ENABLE_STRICT_OBJC_MSGSEND = YES;
				GCC_C_LANGUAGE_STANDARD = gnu11;
				GCC_NO_COMMON_BLOCKS = YES;
				GCC_WARN_64_TO_32_BIT_CONVERSION = YES;
				GCC_WARN_ABOUT_RETURN_TYPE = YES_ERROR;
				GCC_WARN_UNDECLARED_SELECTOR = YES;
				GCC_WARN_UNINITIALIZED_AUTOS = YES_AGGRESSIVE;
				GCC_WARN_UNUSED_FUNCTION = YES;
				GCC_WARN_UNUSED_VARIABLE = YES;
				IPHONEOS_DEPLOYMENT_TARGET = 16.4;
				MTL_ENABLE_DEBUG_INFO = NO;
				MTL_FAST_MATH = YES;
				SDKROOT = iphoneos;
				SWIFT_COMPILATION_MODE = wholemodule;
				SWIFT_OPTIMIZATION_LEVEL = "-O";
				VALIDATE_PRODUCT = YES;
			};
			name = Release;
		};
		F5A47F0F2AC5DBBE00570FB5 /* Debug */ = {
			isa = XCBuildConfiguration;
			baseConfigurationReference = D7D11C0A219AFFCF1E9DC527 /* Pods-FirebaseDB.debug.xcconfig */;
			buildSettings = {
				ASSETCATALOG_COMPILER_APPICON_NAME = AppIcon;
				ASSETCATALOG_COMPILER_GLOBAL_ACCENT_COLOR_NAME = AccentColor;
				CODE_SIGN_STYLE = Automatic;
				CURRENT_PROJECT_VERSION = 1;
				DEVELOPMENT_TEAM = UW76WUSFRW;
				GENERATE_INFOPLIST_FILE = YES;
				INFOPLIST_FILE = FirebaseDB/Info.plist;
				INFOPLIST_KEY_UIApplicationSupportsIndirectInputEvents = YES;
				INFOPLIST_KEY_UILaunchStoryboardName = LaunchScreen;
				INFOPLIST_KEY_UIMainStoryboardFile = Main;
				INFOPLIST_KEY_UISupportedInterfaceOrientations_iPad = "UIInterfaceOrientationPortrait UIInterfaceOrientationPortraitUpsideDown UIInterfaceOrientationLandscapeLeft UIInterfaceOrientationLandscapeRight";
				INFOPLIST_KEY_UISupportedInterfaceOrientations_iPhone = "UIInterfaceOrientationPortrait UIInterfaceOrientationLandscapeLeft UIInterfaceOrientationLandscapeRight";
				LD_RUNPATH_SEARCH_PATHS = (
					"$(inherited)",
					"@executable_path/Frameworks",
				);
				MARKETING_VERSION = 1.0;
				PRODUCT_BUNDLE_IDENTIFIER = vlada135.FirebaseDB;
				PRODUCT_NAME = "$(TARGET_NAME)";
				SWIFT_EMIT_LOC_STRINGS = YES;
				SWIFT_VERSION = 5.0;
				TARGETED_DEVICE_FAMILY = "1,2";
			};
			name = Debug;
		};
		F5A47F102AC5DBBE00570FB5 /* Release */ = {
			isa = XCBuildConfiguration;
			baseConfigurationReference = BE04402787D6D378D0686DC7 /* Pods-FirebaseDB.release.xcconfig */;
			buildSettings = {
				ASSETCATALOG_COMPILER_APPICON_NAME = AppIcon;
				ASSETCATALOG_COMPILER_GLOBAL_ACCENT_COLOR_NAME = AccentColor;
				CODE_SIGN_STYLE = Automatic;
				CURRENT_PROJECT_VERSION = 1;
				DEVELOPMENT_TEAM = UW76WUSFRW;
				GENERATE_INFOPLIST_FILE = YES;
				INFOPLIST_FILE = FirebaseDB/Info.plist;
				INFOPLIST_KEY_UIApplicationSupportsIndirectInputEvents = YES;
				INFOPLIST_KEY_UILaunchStoryboardName = LaunchScreen;
				INFOPLIST_KEY_UIMainStoryboardFile = Main;
				INFOPLIST_KEY_UISupportedInterfaceOrientations_iPad = "UIInterfaceOrientationPortrait UIInterfaceOrientationPortraitUpsideDown UIInterfaceOrientationLandscapeLeft UIInterfaceOrientationLandscapeRight";
				INFOPLIST_KEY_UISupportedInterfaceOrientations_iPhone = "UIInterfaceOrientationPortrait UIInterfaceOrientationLandscapeLeft UIInterfaceOrientationLandscapeRight";
				LD_RUNPATH_SEARCH_PATHS = (
					"$(inherited)",
					"@executable_path/Frameworks",
				);
				MARKETING_VERSION = 1.0;
				PRODUCT_BUNDLE_IDENTIFIER = vlada135.FirebaseDB;
				PRODUCT_NAME = "$(TARGET_NAME)";
				SWIFT_EMIT_LOC_STRINGS = YES;
				SWIFT_VERSION = 5.0;
				TARGETED_DEVICE_FAMILY = "1,2";
			};
			name = Release;
		};
/* End XCBuildConfiguration section */

/* Begin XCConfigurationList section */
		F5A47EF52AC5DBBC00570FB5 /* Build configuration list for PBXProject "FirebaseDB" */ = {
			isa = XCConfigurationList;
			buildConfigurations = (
				F5A47F0C2AC5DBBE00570FB5 /* Debug */,
				F5A47F0D2AC5DBBE00570FB5 /* Release */,
			);
			defaultConfigurationIsVisible = 0;
			defaultConfigurationName = Release;
		};
		F5A47F0E2AC5DBBE00570FB5 /* Build configuration list for PBXNativeTarget "FirebaseDB" */ = {
			isa = XCConfigurationList;
			buildConfigurations = (
				F5A47F0F2AC5DBBE00570FB5 /* Debug */,
				F5A47F102AC5DBBE00570FB5 /* Release */,
			);
			defaultConfigurationIsVisible = 0;
			defaultConfigurationName = Release;
		};
/* End XCConfigurationList section */
	};
	rootObject = F5A47EF22AC5DBBC00570FB5 /* Project object */;
}
